Microsoft Visual Studio Solution File, Format Version 12.00
# Visual Studio Version 17
VisualStudioVersion = 17.5.2.0
MinimumVisualStudioVersion = 10.0.40219.1
Project("{FAE04EC0-301F-11D3-BF4B-00C04F79EFBC}") = "Contando-Ovelhas", "Contando-Ovelhas.csproj", "{B9864600-D1A6-AB69-9DC0-AF34AAE5ED38}"
EndProject
Global
	GlobalSection(SolutionConfigurationPlatforms) = preSolution
		Debug|Any CPU = Debug|Any CPU
		Release|Any CPU = Release|Any CPU
	EndGlobalSection
	GlobalSection(ProjectConfigurationPlatforms) = postSolution
		{B9864600-D1A6-AB69-9DC0-AF34AAE5ED38}.Debug|Any CPU.ActiveCfg = Debug|Any CPU
		{B9864600-D1A6-AB69-9DC0-AF34AAE5ED38}.Debug|Any CPU.Build.0 = Debug|Any CPU
		{B9864600-D1A6-AB69-9DC0-AF34AAE5ED38}.Release|Any CPU.ActiveCfg = Release|Any CPU
		{B9864600-D1A6-AB69-9DC0-AF34AAE5ED38}.Release|Any CPU.Build.0 = Release|Any CPU
	EndGlobalSection
	GlobalSection(SolutionProperties) = preSolution
		HideSolutionNode = FALSE
	EndGlobalSection
	GlobalSection(ExtensibilityGlobals) = postSolution
		SolutionGuid = {1E3AAA18-A5A4-4E55-A6CA-2017B58A11AB}
	EndGlobalSection
EndGlobal
